Microsoft Visual Studio Solution File, Format Version 11.00
# Visual Studio 2010
Project("{8BC9CEB8-8B4A-11D0-8D11-00A0C91BC942}") = "ALL_BUILD", "ALL_BUILD.vcxproj", "{5CE12762-F5BE-447E-9F82-24768CE921B8}"
	ProjectSection(ProjectDependencies) = postProject
		{F1100744-6479-47B4-87C9-29214F843C04} = {F1100744-6479-47B4-87C9-29214F843C04}
		{66324465-F9D1-46F6-A3A0-DD5DFE957050} = {66324465-F9D1-46F6-A3A0-DD5DFE957050}
		{365DEC6D-A871-42D4-87EE-C627AB7EB433} = {365DEC6D-A871-42D4-87EE-C627AB7EB433}
		{8EDE8ACE-B858-4496-AD97-743C06620D10} = {8EDE8ACE-B858-4496-AD97-743C06620D10}
		{EAD7C495-B4A7-4F07-A058-41A4EF37F4D5} = {EAD7C495-B4A7-4F07-A058-41A4EF37F4D5}
		{69D5953C-0765-460B-A1CA-2A316D958F13} = {69D5953C-0765-460B-A1CA-2A316D958F13}
		{D634A1C0-6351-47CE-ABF2-D475A4E3869A} = {D634A1C0-6351-47CE-ABF2-D475A4E3869A}
		{FF9583AE-23BE-42FC-B7A4-CBC1969D8F38} = {FF9583AE-23BE-42FC-B7A4-CBC1969D8F38}
		{B736C15B-1B19-4264-99D4-4E7814A049B9} = {B736C15B-1B19-4264-99D4-4E7814A049B9}
	EndProjectSection
EndProject
Project("{8BC9CEB8-8B4A-11D0-8D11-00A0C91BC942}") = "INSTALL", "INSTALL.vcxproj", "{46AD745C-1639-4065-9742-A88F6DDC5D7C}"
	ProjectSection(ProjectDependencies) = postProject
		{5CE12762-F5BE-447E-9F82-24768CE921B8} = {5CE12762-F5BE-447E-9F82-24768CE921B8}
	EndProjectSection
EndProject
Project("{8BC9CEB8-8B4A-11D0-8D11-00A0C91BC942}") = "RUN_TESTS", "RUN_TESTS.vcxproj", "{3748955B-9AE8-422A-B6D4-43C418A2EB56}"
	ProjectSection(ProjectDependencies) = postProject
	EndProjectSection
EndProject
Project("{8BC9CEB8-8B4A-11D0-8D11-00A0C91BC942}") = "ZERO_CHECK", "ZERO_CHECK.vcxproj", "{F1100744-6479-47B4-87C9-29214F843C04}"
	ProjectSection(ProjectDependencies) = postProject
	EndProjectSection
EndProject
Project("{8BC9CEB8-8B4A-11D0-8D11-00A0C91BC942}") = "pcre", "pcre.vcxproj", "{66324465-F9D1-46F6-A3A0-DD5DFE957050}"
	ProjectSection(ProjectDependencies) = postProject
		{F1100744-6479-47B4-87C9-29214F843C04} = {F1100744-6479-47B4-87C9-29214F843C04}
	EndProjectSection
EndProject
Project("{8BC9CEB8-8B4A-11D0-8D11-00A0C91BC942}") = "pcre_scanner_unittest", "pcre_scanner_unittest.vcxproj", "{365DEC6D-A871-42D4-87EE-C627AB7EB433}"
	ProjectSection(ProjectDependencies) = postProject
		{F1100744-6479-47B4-87C9-29214F843C04} = {F1100744-6479-47B4-87C9-29214F843C04}
		{EAD7C495-B4A7-4F07-A058-41A4EF37F4D5} = {EAD7C495-B4A7-4F07-A058-41A4EF37F4D5}
	EndProjectSection
EndProject
Project("{8BC9CEB8-8B4A-11D0-8D11-00A0C91BC942}") = "pcre_stringpiece_unittest", "pcre_stringpiece_unittest.vcxproj", "{8EDE8ACE-B858-4496-AD97-743C06620D10}"
	ProjectSection(ProjectDependencies) = postProject
		{F1100744-6479-47B4-87C9-29214F843C04} = {F1100744-6479-47B4-87C9-29214F843C04}
		{EAD7C495-B4A7-4F07-A058-41A4EF37F4D5} = {EAD7C495-B4A7-4F07-A058-41A4EF37F4D5}
	EndProjectSection
EndProject
Project("{8BC9CEB8-8B4A-11D0-8D11-00A0C91BC942}") = "pcrecpp", "pcrecpp.vcxproj", "{EAD7C495-B4A7-4F07-A058-41A4EF37F4D5}"
	ProjectSection(ProjectDependencies) = postProject
		{F1100744-6479-47B4-87C9-29214F843C04} = {F1100744-6479-47B4-87C9-29214F843C04}
		{66324465-F9D1-46F6-A3A0-DD5DFE957050} = {66324465-F9D1-46F6-A3A0-DD5DFE957050}
	EndProjectSection
EndProject
Project("{8BC9CEB8-8B4A-11D0-8D11-00A0C91BC942}") = "pcrecpp_unittest", "pcrecpp_unittest.vcxproj", "{69D5953C-0765-460B-A1CA-2A316D958F13}"
	ProjectSection(ProjectDependencies) = postProject
		{F1100744-6479-47B4-87C9-29214F843C04} = {F1100744-6479-47B4-87C9-29214F843C04}
		{EAD7C495-B4A7-4F07-A058-41A4EF37F4D5} = {EAD7C495-B4A7-4F07-A058-41A4EF37F4D5}
	EndProjectSection
EndProject
Project("{8BC9CEB8-8B4A-11D0-8D11-00A0C91BC942}") = "pcregrep", "pcregrep.vcxproj", "{D634A1C0-6351-47CE-ABF2-D475A4E3869A}"
	ProjectSection(ProjectDependencies) = postProject
		{F1100744-6479-47B4-87C9-29214F843C04} = {F1100744-6479-47B4-87C9-29214F843C04}
		{FF9583AE-23BE-42FC-B7A4-CBC1969D8F38} = {FF9583AE-23BE-42FC-B7A4-CBC1969D8F38}
	EndProjectSection
EndProject
Project("{8BC9CEB8-8B4A-11D0-8D11-00A0C91BC942}") = "pcreposix", "pcreposix.vcxproj", "{FF9583AE-23BE-42FC-B7A4-CBC1969D8F38}"
	ProjectSection(ProjectDependencies) = postProject
		{F1100744-6479-47B4-87C9-29214F843C04} = {F1100744-6479-47B4-87C9-29214F843C04}
		{66324465-F9D1-46F6-A3A0-DD5DFE957050} = {66324465-F9D1-46F6-A3A0-DD5DFE957050}
	EndProjectSection
EndProject
Project("{8BC9CEB8-8B4A-11D0-8D11-00A0C91BC942}") = "pcretest", "pcretest.vcxproj", "{B736C15B-1B19-4264-99D4-4E7814A049B9}"
	ProjectSection(ProjectDependencies) = postProject
		{F1100744-6479-47B4-87C9-29214F843C04} = {F1100744-6479-47B4-87C9-29214F843C04}
		{66324465-F9D1-46F6-A3A0-DD5DFE957050} = {66324465-F9D1-46F6-A3A0-DD5DFE957050}
		{FF9583AE-23BE-42FC-B7A4-CBC1969D8F38} = {FF9583AE-23BE-42FC-B7A4-CBC1969D8F38}
	EndProjectSection
EndProject
Global
	GlobalSection(SolutionConfigurationPlatforms) = preSolution
		Debug|Win32 = Debug|Win32
		Release|Win32 = Release|Win32
		MinSizeRel|Win32 = MinSizeRel|Win32
		RelWithDebInfo|Win32 = RelWithDebInfo|Win32
	EndGlobalSection
	GlobalSection(ProjectConfigurationPlatforms) = postSolution
		{5CE12762-F5BE-447E-9F82-24768CE921B8}.Debug|Win32.ActiveCfg = Debug|Win32
		{5CE12762-F5BE-447E-9F82-24768CE921B8}.Debug|Win32.Build.0 = Debug|Win32
		{5CE12762-F5BE-447E-9F82-24768CE921B8}.Release|Win32.ActiveCfg = Release|Win32
		{5CE12762-F5BE-447E-9F82-24768CE921B8}.Release|Win32.Build.0 = Release|Win32
		{5CE12762-F5BE-447E-9F82-24768CE921B8}.MinSizeRel|Win32.ActiveCfg = MinSizeRel|Win32
		{5CE12762-F5BE-447E-9F82-24768CE921B8}.MinSizeRel|Win32.Build.0 = MinSizeRel|Win32
		{5CE12762-F5BE-447E-9F82-24768CE921B8}.RelWithDebInfo|Win32.ActiveCfg = RelWithDebInfo|Win32
		{5CE12762-F5BE-447E-9F82-24768CE921B8}.RelWithDebInfo|Win32.Build.0 = RelWithDebInfo|Win32
		{46AD745C-1639-4065-9742-A88F6DDC5D7C}.Debug|Win32.ActiveCfg = Debug|Win32
		{46AD745C-1639-4065-9742-A88F6DDC5D7C}.Release|Win32.ActiveCfg = Release|Win32
		{46AD745C-1639-4065-9742-A88F6DDC5D7C}.MinSizeRel|Win32.ActiveCfg = MinSizeRel|Win32
		{46AD745C-1639-4065-9742-A88F6DDC5D7C}.RelWithDebInfo|Win32.ActiveCfg = RelWithDebInfo|Win32
		{3748955B-9AE8-422A-B6D4-43C418A2EB56}.Debug|Win32.ActiveCfg = Debug|Win32
		{3748955B-9AE8-422A-B6D4-43C418A2EB56}.Release|Win32.ActiveCfg = Release|Win32
		{3748955B-9AE8-422A-B6D4-43C418A2EB56}.MinSizeRel|Win32.ActiveCfg = MinSizeRel|Win32
		{3748955B-9AE8-422A-B6D4-43C418A2EB56}.RelWithDebInfo|Win32.ActiveCfg = RelWithDebInfo|Win32
		{F1100744-6479-47B4-87C9-29214F843C04}.Debug|Win32.ActiveCfg = Debug|Win32
		{F1100744-6479-47B4-87C9-29214F843C04}.Debug|Win32.Build.0 = Debug|Win32
		{F1100744-6479-47B4-87C9-29214F843C04}.Release|Win32.ActiveCfg = Release|Win32
		{F1100744-6479-47B4-87C9-29214F843C04}.Release|Win32.Build.0 = Release|Win32
		{F1100744-6479-47B4-87C9-29214F843C04}.MinSizeRel|Win32.ActiveCfg = MinSizeRel|Win32
		{F1100744-6479-47B4-87C9-29214F843C04}.MinSizeRel|Win32.Build.0 = MinSizeRel|Win32
		{F1100744-6479-47B4-87C9-29214F843C04}.RelWithDebInfo|Win32.ActiveCfg = RelWithDebInfo|Win32
		{F1100744-6479-47B4-87C9-29214F843C04}.RelWithDebInfo|Win32.Build.0 = RelWithDebInfo|Win32
		{66324465-F9D1-46F6-A3A0-DD5DFE957050}.Debug|Win32.ActiveCfg = Debug|Win32
		{66324465-F9D1-46F6-A3A0-DD5DFE957050}.Debug|Win32.Build.0 = Debug|Win32
		{66324465-F9D1-46F6-A3A0-DD5DFE957050}.Release|Win32.ActiveCfg = Release|Win32
		{66324465-F9D1-46F6-A3A0-DD5DFE957050}.Release|Win32.Build.0 = Release|Win32
		{66324465-F9D1-46F6-A3A0-DD5DFE957050}.MinSizeRel|Win32.ActiveCfg = MinSizeRel|Win32
		{66324465-F9D1-46F6-A3A0-DD5DFE957050}.MinSizeRel|Win32.Build.0 = MinSizeRel|Win32
		{66324465-F9D1-46F6-A3A0-DD5DFE957050}.RelWithDebInfo|Win32.ActiveCfg = RelWithDebInfo|Win32
		{66324465-F9D1-46F6-A3A0-DD5DFE957050}.RelWithDebInfo|Win32.Build.0 = RelWithDebInfo|Win32
		{365DEC6D-A871-42D4-87EE-C627AB7EB433}.Debug|Win32.ActiveCfg = Debug|Win32
		{365DEC6D-A871-42D4-87EE-C627AB7EB433}.Debug|Win32.Build.0 = Debug|Win32
		{365DEC6D-A871-42D4-87EE-C627AB7EB433}.Release|Win32.ActiveCfg = Release|Win32
		{365DEC6D-A871-42D4-87EE-C627AB7EB433}.Release|Win32.Build.0 = Release|Win32
		{365DEC6D-A871-42D4-87EE-C627AB7EB433}.MinSizeRel|Win32.ActiveCfg = MinSizeRel|Win32
		{365DEC6D-A871-42D4-87EE-C627AB7EB433}.MinSizeRel|Win32.Build.0 = MinSizeRel|Win32
		{365DEC6D-A871-42D4-87EE-C627AB7EB433}.RelWithDebInfo|Win32.ActiveCfg = RelWithDebInfo|Win32
		{365DEC6D-A871-42D4-87EE-C627AB7EB433}.RelWithDebInfo|Win32.Build.0 = RelWithDebInfo|Win32
		{8EDE8ACE-B858-4496-AD97-743C06620D10}.Debug|Win32.ActiveCfg = Debug|Win32
		{8EDE8ACE-B858-4496-AD97-743C06620D10}.Debug|Win32.Build.0 = Debug|Win32
		{8EDE8ACE-B858-4496-AD97-743C06620D10}.Release|Win32.ActiveCfg = Release|Win32
		{8EDE8ACE-B858-4496-AD97-743C06620D10}.Release|Win32.Build.0 = Release|Win32
		{8EDE8ACE-B858-4496-AD97-743C06620D10}.MinSizeRel|Win32.ActiveCfg = MinSizeRel|Win32
		{8EDE8ACE-B858-4496-AD97-743C06620D10}.MinSizeRel|Win32.Build.0 = MinSizeRel|Win32
		{8EDE8ACE-B858-4496-AD97-743C06620D10}.RelWithDebInfo|Win32.ActiveCfg = RelWithDebInfo|Win32
		{8EDE8ACE-B858-4496-AD97-743C06620D10}.RelWithDebInfo|Win32.Build.0 = RelWithDebInfo|Win32
		{EAD7C495-B4A7-4F07-A058-41A4EF37F4D5}.Debug|Win32.ActiveCfg = Debug|Win32
		{EAD7C495-B4A7-4F07-A058-41A4EF37F4D5}.Debug|Win32.Build.0 = Debug|Win32
		{EAD7C495-B4A7-4F07-A058-41A4EF37F4D5}.Release|Win32.ActiveCfg = Release|Win32
		{EAD7C495-B4A7-4F07-A058-41A4EF37F4D5}.Release|Win32.Build.0 = Release|Win32
		{EAD7C495-B4A7-4F07-A058-41A4EF37F4D5}.MinSizeRel|Win32.ActiveCfg = MinSizeRel|Win32
		{EAD7C495-B4A7-4F07-A058-41A4EF37F4D5}.MinSizeRel|Win32.Build.0 = MinSizeRel|Win32
		{EAD7C495-B4A7-4F07-A058-41A4EF37F4D5}.RelWithDebInfo|Win32.ActiveCfg = RelWithDebInfo|Win32
		{EAD7C495-B4A7-4F07-A058-41A4EF37F4D5}.RelWithDebInfo|Win32.Build.0 = RelWithDebInfo|Win32
		{69D5953C-0765-460B-A1CA-2A316D958F13}.Debug|Win32.ActiveCfg = Debug|Win32
		{69D5953C-0765-460B-A1CA-2A316D958F13}.Debug|Win32.Build.0 = Debug|Win32
		{69D5953C-0765-460B-A1CA-2A316D958F13}.Release|Win32.ActiveCfg = Release|Win32
		{69D5953C-0765-460B-A1CA-2A316D958F13}.Release|Win32.Build.0 = Release|Win32
		{69D5953C-0765-460B-A1CA-2A316D958F13}.MinSizeRel|Win32.ActiveCfg = MinSizeRel|Win32
		{69D5953C-0765-460B-A1CA-2A316D958F13}.MinSizeRel|Win32.Build.0 = MinSizeRel|Win32
		{69D5953C-0765-460B-A1CA-2A316D958F13}.RelWithDebInfo|Win32.ActiveCfg = RelWithDebInfo|Win32
		{69D5953C-0765-460B-A1CA-2A316D958F13}.RelWithDebInfo|Win32.Build.0 = RelWithDebInfo|Win32
		{D634A1C0-6351-47CE-ABF2-D475A4E3869A}.Debug|Win32.ActiveCfg = Debug|Win32
		{D634A1C0-6351-47CE-ABF2-D475A4E3869A}.Debug|Win32.Build.0 = Debug|Win32
		{D634A1C0-6351-47CE-ABF2-D475A4E3869A}.Release|Win32.ActiveCfg = Release|Win32
		{D634A1C0-6351-47CE-ABF2-D475A4E3869A}.Release|Win32.Build.0 = Release|Win32
		{D634A1C0-6351-47CE-ABF2-D475A4E3869A}.MinSizeRel|Win32.ActiveCfg = MinSizeRel|Win32
		{D634A1C0-6351-47CE-ABF2-D475A4E3869A}.MinSizeRel|Win32.Build.0 = MinSizeRel|Win32
		{D634A1C0-6351-47CE-ABF2-D475A4E3869A}.RelWithDebInfo|Win32.ActiveCfg = RelWithDebInfo|Win32
		{D634A1C0-6351-47CE-ABF2-D475A4E3869A}.RelWithDebInfo|Win32.Build.0 = RelWithDebInfo|Win32
		{FF9583AE-23BE-42FC-B7A4-CBC1969D8F38}.Debug|Win32.ActiveCfg = Debug|Win32
		{FF9583AE-23BE-42FC-B7A4-CBC1969D8F38}.Debug|Win32.Build.0 = Debug|Win32
		{FF9583AE-23BE-42FC-B7A4-CBC1969D8F38}.Release|Win32.ActiveCfg = Release|Win32
		{FF9583AE-23BE-42FC-B7A4-CBC1969D8F38}.Release|Win32.Build.0 = Release|Win32
		{FF9583AE-23BE-42FC-B7A4-CBC1969D8F38}.MinSizeRel|Win32.ActiveCfg = MinSizeRel|Win32
		{FF9583AE-23BE-42FC-B7A4-CBC1969D8F38}.MinSizeRel|Win32.Build.0 = MinSizeRel|Win32
		{FF9583AE-23BE-42FC-B7A4-CBC1969D8F38}.RelWithDebInfo|Win32.ActiveCfg = RelWithDebInfo|Win32
		{FF9583AE-23BE-42FC-B7A4-CBC1969D8F38}.RelWithDebInfo|Win32.Build.0 = RelWithDebInfo|Win32
		{B736C15B-1B19-4264-99D4-4E7814A049B9}.Debug|Win32.ActiveCfg = Debug|Win32
		{B736C15B-1B19-4264-99D4-4E7814A049B9}.Debug|Win32.Build.0 = Debug|Win32
		{B736C15B-1B19-4264-99D4-4E7814A049B9}.Release|Win32.ActiveCfg = Release|Win32
		{B736C15B-1B19-4264-99D4-4E7814A049B9}.Release|Win32.Build.0 = Release|Win32
		{B736C15B-1B19-4264-99D4-4E7814A049B9}.MinSizeRel|Win32.ActiveCfg = MinSizeRel|Win32
		{B736C15B-1B19-4264-99D4-4E7814A049B9}.MinSizeRel|Win32.Build.0 = MinSizeRel|Win32
		{B736C15B-1B19-4264-99D4-4E7814A049B9}.RelWithDebInfo|Win32.ActiveCfg = RelWithDebInfo|Win32
		{B736C15B-1B19-4264-99D4-4E7814A049B9}.RelWithDebInfo|Win32.Build.0 = RelWithDebInfo|Win32
	EndGlobalSection
	GlobalSection(ExtensibilityGlobals) = postSolution
	EndGlobalSection
	GlobalSection(ExtensibilityAddIns) = postSolution
	EndGlobalSection
EndGlobal
